// !$*UTF8*$!
{
	archiveVersion = 1;
	classes = {
	};
	objectVersion = 51;
	objects = {

/* Begin PBXBuildFile section */
		26185AB0DE54B7A70B6B82BE /* Pods_Todoey.framework in Frameworks */ = {isa = PBXBuildFile; fileRef = BC756BAB87EBB13F9C68EB30 /* Pods_Todoey.framework */; };
		AD35A01722FE127E00B58FAC /* Item.swift in Sources */ = {isa = PBXBuildFile; fileRef = AD35A01622FE127E00B58FAC /* Item.swift */; };
		AD35A01922FE128C00B58FAC /* Category.swift in Sources */ = {isa = PBXBuildFile; fileRef = AD35A01822FE128C00B58FAC /* Category.swift */; };
		AD4388E922FC680200D8E18A /* CategoryViewController.swift in Sources */ = {isa = PBXBuildFile; fileRef = AD4388E822FC680200D8E18A /* CategoryViewController.swift */; };
		AD92900222F4C9C200D71DDF /* AppDelegate.swift in Sources */ = {isa = PBXBuildFile; fileRef = AD92900122F4C9C200D71DDF /* AppDelegate.swift */; };
		AD92900422F4C9C200D71DDF /* TodoListViewController.swift in Sources */ = {isa = PBXBuildFile; fileRef = AD92900322F4C9C200D71DDF /* TodoListViewController.swift */; };
		AD92900722F4C9C200D71DDF /* Main.storyboard in Resources */ = {isa = PBXBuildFile; fileRef = AD92900522F4C9C200D71DDF /* Main.storyboard */; };
		AD92900922F4C9C300D71DDF /* Assets.xcassets in Resources */ = {isa = PBXBuildFile; fileRef = AD92900822F4C9C300D71DDF /* Assets.xcassets */; };
		AD92900C22F4C9C300D71DDF /* LaunchScreen.storyboard in Resources */ = {isa = PBXBuildFile; fileRef = AD92900A22F4C9C300D71DDF /* LaunchScreen.storyboard */; };
/* End PBXBuildFile section */

/* Begin PBXFileReference section */
		8B1D413B9A4EC9FB49E23C41 /* Pods-Todoey.release.xcconfig */ = {isa = PBXFileReference; includeInIndex = 1; lastKnownFileType = text.xcconfig; name = "Pods-Todoey.release.xcconfig"; path = "Target Support Files/Pods-Todoey/Pods-Todoey.release.xcconfig"; sourceTree = "<group>"; };
		AD35A01622FE127E00B58FAC /* Item.swift */ = {isa = PBXFileReference; lastKnownFileType = sourcecode.swift; path = Item.swift; sourceTree = "<group>"; };
		AD35A01822FE128C00B58FAC /* Category.swift */ = {isa = PBXFileReference; lastKnownFileType = sourcecode.swift; path = Category.swift; sourceTree = "<group>"; };
		AD4388E822FC680200D8E18A /* CategoryViewController.swift */ = {isa = PBXFileReference; lastKnownFileType = sourcecode.swift; path = CategoryViewController.swift; sourceTree = "<group>"; };
		AD928FFE22F4C9C200D71DDF /* Todoey.app */ = {isa = PBXFileReference; explicitFileType = wrapper.application; includeInIndex = 0; path = Todoey.app; sourceTree = BUILT_PRODUCTS_DIR; };
		AD92900122F4C9C200D71DDF /* AppDelegate.swift */ = {isa = PBXFileReference; lastKnownFileType = sourcecode.swift; path = AppDelegate.swift; sourceTree = "<group>"; };
		AD92900322F4C9C200D71DDF /* TodoListViewController.swift */ = {isa = PBXFileReference; lastKnownFileType = sourcecode.swift; path = TodoListViewController.swift; sourceTree = "<group>"; };
		AD92900622F4C9C200D71DDF /* Base */ = {isa = PBXFileReference; lastKnownFileType = file.storyboard; name = Base; path = Base.lproj/Main.storyboard; sourceTree = "<group>"; };
		AD92900822F4C9C300D71DDF /* Assets.xcassets */ = {isa = PBXFileReference; lastKnownFileType = folder.assetcatalog; path = Assets.xcassets; sourceTree = "<group>"; };
		AD92900B22F4C9C300D71DDF /* Base */ = {isa = PBXFileReference; lastKnownFileType = file.storyboard; name = Base; path = Base.lproj/LaunchScreen.storyboard; sourceTree = "<group>"; };
		AD92900D22F4C9C300D71DDF /* Info.plist */ = {isa = PBXFileReference; lastKnownFileType = text.plist.xml; path = Info.plist; sourceTree = "<group>"; };
		BC756BAB87EBB13F9C68EB30 /* Pods_Todoey.framework */ = {isa = PBXFileReference; explicitFileType = wrapper.framework; includeInIndex = 0; path = Pods_Todoey.framework; sourceTree = BUILT_PRODUCTS_DIR; };
		CFA1F8AC3FAD766C7ABB71E1 /* Pods-Todoey.debug.xcconfig */ = {isa = PBXFileReference; includeInIndex = 1; lastKnownFileType = text.xcconfig; name = "Pods-Todoey.debug.xcconfig"; path = "Target Support Files/Pods-Todoey/Pods-Todoey.debug.xcconfig"; sourceTree = "<group>"; };
/* End PBXFileReference section */

/* Begin PBXFrameworksBuildPhase section */
		AD928FFB22F4C9C200D71DDF /* Frameworks */ = {
			isa = PBXFrameworksBuildPhase;
			buildActionMask = 2147483647;
			files = (
				26185AB0DE54B7A70B6B82BE /* Pods_Todoey.framework in Frameworks */,
			);
			runOnlyForDeploymentPostprocessing = 0;
		};
/* End PBXFrameworksBuildPhase section */

/* Begin PBXGroup section */
		AD59A20D22F60ACF00072E73 /* Data Model */ = {
			isa = PBXGroup;
			children = (
				AD35A01822FE128C00B58FAC /* Category.swift */,
				AD35A01622FE127E00B58FAC /* Item.swift */,
			);
			path = "Data Model";
			sourceTree = "<group>";
		};
		AD59A20E22F60ADE00072E73 /* Controllers */ = {
			isa = PBXGroup;
			children = (
				AD4388E822FC680200D8E18A /* CategoryViewController.swift */,
				AD92900322F4C9C200D71DDF /* TodoListViewController.swift */,
			);
			path = Controllers;
			sourceTree = "<group>";
		};
		AD59A20F22F60AF700072E73 /* Views */ = {
			isa = PBXGroup;
			children = (
				AD92900522F4C9C200D71DDF /* Main.storyboard */,
			);
			path = Views;
			sourceTree = "<group>";
		};
		AD59A21022F60B0F00072E73 /* Supporting Files */ = {
			isa = PBXGroup;
			children = (
				AD92900822F4C9C300D71DDF /* Assets.xcassets */,
				AD92900A22F4C9C300D71DDF /* LaunchScreen.storyboard */,
			);
			path = "Supporting Files";
			sourceTree = "<group>";
		};
		AD928FF522F4C9C200D71DDF = {
			isa = PBXGroup;
			children = (
				AD92900022F4C9C200D71DDF /* Todoey */,
				AD928FFF22F4C9C200D71DDF /* Products */,
				F20BA6441730E7CCBE1885DC /* Pods */,
				B1746CA375824BFE2F383FC0 /* Frameworks */,
			);
			sourceTree = "<group>";
		};
		AD928FFF22F4C9C200D71DDF /* Products */ = {
			isa = PBXGroup;
			children = (
				AD928FFE22F4C9C200D71DDF /* Todoey.app */,
			);
			name = Products;
			sourceTree = "<group>";
		};
		AD92900022F4C9C200D71DDF /* Todoey */ = {
			isa = PBXGroup;
			children = (
				AD92900122F4C9C200D71DDF /* AppDelegate.swift */,
				AD59A20E22F60ADE00072E73 /* Controllers */,
				AD59A20D22F60ACF00072E73 /* Data Model */,
				AD59A20F22F60AF700072E73 /* Views */,
				AD59A21022F60B0F00072E73 /* Supporting Files */,
				AD92900D22F4C9C300D71DDF /* Info.plist */,
			);
			path = Todoey;
			sourceTree = "<group>";
		};
		B1746CA375824BFE2F383FC0 /* Frameworks */ = {
			isa = PBXGroup;
			children = (
				BC756BAB87EBB13F9C68EB30 /* Pods_Todoey.framework */,
			);
			name = Frameworks;
			sourceTree = "<group>";
		};
		F20BA6441730E7CCBE1885DC /* Pods */ = {
			isa = PBXGroup;
			children = (
				CFA1F8AC3FAD766C7ABB71E1 /* Pods-Todoey.debug.xcconfig */,
				8B1D413B9A4EC9FB49E23C41 /* Pods-Todoey.release.xcconfig */,
			);
			path = Pods;
			sourceTree = "<group>";
		};
/* End PBXGroup section */

/* Begin PBXNativeTarget section */
		AD928FFD22F4C9C200D71DDF /* Todoey */ = {
			isa = PBXNativeTarget;
			buildConfigurationList = AD92901022F4C9C300D71DDF /* Build configuration list for PBXNativeTarget "Todoey" */;
			buildPhases = (
				D516CD4A2AF9270975D106D8 /* [CP] Check Pods Manifest.lock */,
				AD928FFA22F4C9C200D71DDF /* Sources */,
				AD928FFB22F4C9C200D71DDF /* Frameworks */,
				AD928FFC22F4C9C200D71DDF /* Resources */,
				D6D879D4AF01569002F06532 /* [CP] Embed Pods Frameworks */,
			);
			buildRules = (
			);
			dependencies = (
			);
			name = Todoey;
			productName = Todoey;
			productReference = AD928FFE22F4C9C200D71DDF /* Todoey.app */;
			productType = "com.apple.product-type.application";
		};
/* End PBXNativeTarget section */

/* Begin PBXProject section */
		AD928FF622F4C9C200D71DDF /* Project object */ = {
			isa = PBXProject;
			attributes = {
				LastSwiftUpdateCheck = 1020;
				LastUpgradeCheck = 1020;
				ORGANIZATIONNAME = "Carter Thoe";
				TargetAttributes = {
					AD928FFD22F4C9C200D71DDF = {
						CreatedOnToolsVersion = 10.2.1;
					};
				};
			};
			buildConfigurationList = AD928FF922F4C9C200D71DDF /* Build configuration list for PBXProject "Todoey" */;
			compatibilityVersion = "Xcode 9.3";
			developmentRegion = en;
			hasScannedForEncodings = 0;
			knownRegions = (
				en,
				Base,
			);
			mainGroup = AD928FF522F4C9C200D71DDF;
			productRefGroup = AD928FFF22F4C9C200D71DDF /* Products */;
			projectDirPath = "";
			projectRoot = "";
			targets = (
				AD928FFD22F4C9C200D71DDF /* Todoey */,
			);
		};
/* End PBXProject section */

/* Begin PBXResourcesBuildPhase section */
		AD928FFC22F4C9C200D71DDF /* Resources */ = {
			isa = PBXResourcesBuildPhase;
			buildActionMask = 2147483647;
			files = (
				AD92900C22F4C9C300D71DDF /* LaunchScreen.storyboard in Resources */,
				AD92900922F4C9C300D71DDF /* Assets.xcassets in Resources */,
				AD92900722F4C9C200D71DDF /* Main.storyboard in Resources */,
			);
			runOnlyForDeploymentPostprocessing = 0;
		};
/* End PBXResourcesBuildPhase section */

/* Begin PBXShellScriptBuildPhase section */
		D516CD4A2AF9270975D106D8 /* [CP] Check Pods Manifest.lock */ = {
			isa = PBXShellScriptBuildPhase;
			buildActionMask = 2147483647;
			files = (
			);
			inputFileListPaths = (
			);
			inputPaths = (
				"${PODS_PODFILE_DIR_PATH}/Podfile.lock",
				"${PODS_ROOT}/Manifest.lock",
			);
			name = "[CP] Check Pods Manifest.lock";
			outputFileListPaths = (
			);
			outputPaths = (
				"$(DERIVED_FILE_DIR)/Pods-Todoey-checkManifestLockResult.txt",
			);
			runOnlyForDeploymentPostprocessing = 0;
			shellPath = /bin/sh;
			shellScript = "diff \"${PODS_PODFILE_DIR_PATH}/Podfile.lock\" \"${PODS_ROOT}/Manifest.lock\" > /dev/null\nif [ $? != 0 ] ; then\n    # print error to STDERR\n    echo \"error: The sandbox is not in sync with the Podfile.lock. Run 'pod install' or update your CocoaPods installation.\" >&2\n    exit 1\nfi\n# This output is used by Xcode 'outputs' to avoid re-running this script phase.\necho \"SUCCESS\" > \"${SCRIPT_OUTPUT_FILE_0}\"\n";
			showEnvVarsInLog = 0;
		};
		D6D879D4AF01569002F06532 /* [CP] Embed Pods Frameworks */ = {
			isa = PBXShellScriptBuildPhase;
			buildActionMask = 2147483647;
			files = (
			);
			inputFileListPaths = (
				"${PODS_ROOT}/Target Support Files/Pods-Todoey/Pods-Todoey-frameworks-${CONFIGURATION}-input-files.xcfilelist",
			);
			name = "[CP] Embed Pods Frameworks";
			outputFileListPaths = (
				"${PODS_ROOT}/Target Support Files/Pods-Todoey/Pods-Todoey-frameworks-${CONFIGURATION}-output-files.xcfilelist",
			);
			runOnlyForDeploymentPostprocessing = 0;
			shellPath = /bin/sh;
			shellScript = "\"${PODS_ROOT}/Target Support Files/Pods-Todoey/Pods-Todoey-frameworks.sh\"\n";
			showEnvVarsInLog = 0;
		};
/* End PBXShellScriptBuildPhase section */

/* Begin PBXSourcesBuildPhase section */
		AD928FFA22F4C9C200D71DDF /* Sources */ = {
			isa = PBXSourcesBuildPhase;
			buildActionMask = 2147483647;
			files = (
				AD35A01722FE127E00B58FAC /* Item.swift in Sources */,
				AD35A01922FE128C00B58FAC /* Category.swift in Sources */,
				AD4388E922FC680200D8E18A /* CategoryViewController.swift in Sources */,
				AD92900422F4C9C200D71DDF /* TodoListViewController.swift in Sources */,
				AD92900222F4C9C200D71DDF /* AppDelegate.swift in Sources */,
			);
			runOnlyForDeploymentPostprocessing = 0;
		};
/* End PBXSourcesBuildPhase section */

/* Begin PBXVariantGroup section */
		AD92900522F4C9C200D71DDF /* Main.storyboard */ = {
			isa = PBXVariantGroup;
			children = (
				AD92900622F4C9C200D71DDF /* Base */,
			);
			name = Main.storyboard;
			sourceTree = "<group>";
		};
		AD92900A22F4C9C300D71DDF /* LaunchScreen.storyboard */ = {
			isa = PBXVariantGroup;
			children = (
				AD92900B22F4C9C300D71DDF /* Base */,
			);
			name = LaunchScreen.storyboard;
			sourceTree = "<group>";
		};
/* End PBXVariantGroup section */

/* Begin XCBuildConfiguration section */
		AD92900E22F4C9C300D71DDF /* Debug */ = {
			isa = XCBuildConfiguration;
			buildSettings = {
				ALWAYS_SEARCH_USER_PATHS = NO;
				CLANG_ANALYZER_NONNULL = YES;
				CLANG_ANALYZER_NUMBER_OBJECT_CONVERSION = YES_AGGRESSIVE;
				CLANG_CXX_LANGUAGE_STANDARD = "gnu++14";
				CLANG_CXX_LIBRARY = "libc++";
				CLANG_ENABLE_MODULES = YES;
				CLANG_ENABLE_OBJC_ARC = YES;
				CLANG_ENABLE_OBJC_WEAK = YES;
				CLANG_WARN_BLOCK_CAPTURE_AUTORELEASING = YES;
				CLANG_WARN_BOOL_CONVERSION = YES;
				CLANG_WARN_COMMA = YES;
				CLANG_WARN_CONSTANT_CONVERSION = YES;
				CLANG_WARN_DEPRECATED_OBJC_IMPLEMENTATIONS = YES;
				CLANG_WARN_DIRECT_OBJC_ISA_USAGE = YES_ERROR;
				CLANG_WARN_DOCUMENTATION_COMMENTS = YES;
				CLANG_WARN_EMPTY_BODY = YES;
				CLANG_WARN_ENUM_CONVERSION = YES;
				CLANG_WARN_INFINITE_RECURSION = YES;
				CLANG_WARN_INT_CONVERSION = YES;
				CLANG_WARN_NON_LITERAL_NULL_CONVERSION = YES;
				CLANG_WARN_OBJC_IMPLICIT_RETAIN_SELF = YES;
				CLANG_WARN_OBJC_LITERAL_CONVERSION = YES;
				CLANG_WARN_OBJC_ROOT_CLASS = YES_ERROR;
				CLANG_WARN_RANGE_LOOP_ANALYSIS = YES;
				CLANG_WARN_STRICT_PROTOTYPES = YES;
				CLANG_WARN_SUSPICIOUS_MOVE = YES;
				CLANG_WARN_UNGUARDED_AVAILABILITY = YES_AGGRESSIVE;
				CLANG_WARN_UNREACHABLE_CODE = YES;
				CLANG_WARN__DUPLICATE_METHOD_MATCH = YES;
				CODE_SIGN_IDENTITY = "iPhone Developer";
				COPY_PHASE_STRIP = NO;
				DEBUG_INFORMATION_FORMAT = dwarf;
				ENABLE_STRICT_OBJC_MSGSEND = YES;
				ENABLE_TESTABILITY = YES;
				GCC_C_LANGUAGE_STANDARD = gnu11;
				GCC_DYNAMIC_NO_PIC = NO;
				GCC_NO_COMMON_BLOCKS = YES;
				GCC_OPTIMIZATION_LEVEL = 0;
				GCC_PREPROCESSOR_DEFINITIONS = (
					"DEBUG=1",
					"$(inherited)",
				);
				GCC_WARN_64_TO_32_BIT_CONVERSION = YES;
				GCC_WARN_ABOUT_RETURN_TYPE = YES_ERROR;
				GCC_WARN_UNDECLARED_SELECTOR = YES;
				GCC_WARN_UNINITIALIZED_AUTOS = YES_AGGRESSIVE;
				GCC_WARN_UNUSED_FUNCTION = YES;
				GCC_WARN_UNUSED_VARIABLE = YES;
				IPHONEOS_DEPLOYMENT_TARGET = 12.2;
				MTL_ENABLE_DEBUG_INFO = INCLUDE_SOURCE;
				MTL_FAST_MATH = YES;
				ONLY_ACTIVE_ARCH = YES;
				SDKROOT = iphoneos;
				SWIFT_ACTIVE_COMPILATION_CONDITIONS = DEBUG;
				SWIFT_OPTIMIZATION_LEVEL = "-Onone";
			};
			name = Debug;
		};
		AD92900F22F4C9C300D71DDF /* Release */ = {
			isa = XCBuildConfiguration;
			buildSettings = {
				ALWAYS_SEARCH_USER_PATHS = NO;
				CLANG_ANALYZER_NONNULL = YES;
				CLANG_ANALYZER_NUMBER_OBJECT_CONVERSION = YES_AGGRESSIVE;
				CLANG_CXX_LANGUAGE_STANDARD = "gnu++14";
				CLANG_CXX_LIBRARY = "libc++";
				CLANG_ENABLE_MODULES = YES;
				CLANG_ENABLE_OBJC_ARC = YES;
				CLANG_ENABLE_OBJC_WEAK = YES;
				CLANG_WARN_BLOCK_CAPTURE_AUTORELEASING = YES;
				CLANG_WARN_BOOL_CONVERSION = YES;
				CLANG_WARN_COMMA = YES;
				CLANG_WARN_CONSTANT_CONVERSION = YES;
				CLANG_WARN_DEPRECATED_OBJC_IMPLEMENTATIONS = YES;
				CLANG_WARN_DIRECT_OBJC_ISA_USAGE = YES_ERROR;
				CLANG_WARN_DOCUMENTATION_COMMENTS = YES;
				CLANG_WARN_EMPTY_BODY = YES;
				CLANG_WARN_ENUM_CONVERSION = YES;
				CLANG_WARN_INFINITE_RECURSION = YES;
				CLANG_WARN_INT_CONVERSION = YES;
				CLANG_WARN_NON_LITERAL_NULL_CONVERSION = YES;
				CLANG_WARN_OBJC_IMPLICIT_RETAIN_SELF = YES;
				CLANG_WARN_OBJC_LITERAL_CONVERSION = YES;
				CLANG_WARN_OBJC_ROOT_CLASS = YES_ERROR;
				CLANG_WARN_RANGE_LOOP_ANALYSIS = YES;
				CLANG_WARN_STRICT_PROTOTYPES = YES;
				CLANG_WARN_SUSPICIOUS_MOVE = YES;
				CLANG_WARN_UNGUARDED_AVAILABILITY = YES_AGGRESSIVE;
				CLANG_WARN_UNREACHABLE_CODE = YES;
				CLANG_WARN__DUPLICATE_METHOD_MATCH = YES;
				CODE_SIGN_IDENTITY = "iPhone Developer";
				COPY_PHASE_STRIP = NO;
				DEBUG_INFORMATION_FORMAT = "dwarf-with-dsym";
				ENABLE_NS_ASSERTIONS = NO;
				ENABLE_STRICT_OBJC_MSGSEND = YES;
				GCC_C_LANGUAGE_STANDARD = gnu11;
				GCC_NO_COMMON_BLOCKS = YES;
				GCC_WARN_64_TO_32_BIT_CONVERSION = YES;
				GCC_WARN_ABOUT_RETURN_TYPE = YES_ERROR;
				GCC_WARN_UNDECLARED_SELECTOR = YES;
				GCC_WARN_UNINITIALIZED_AUTOS = YES_AGGRESSIVE;
				GCC_WARN_UNUSED_FUNCTION = YES;
				GCC_WARN_UNUSED_VARIABLE = YES;
				IPHONEOS_DEPLOYMENT_TARGET = 12.2;
				MTL_ENABLE_DEBUG_INFO = NO;
				MTL_FAST_MATH = YES;
				SDKROOT = iphoneos;
				SWIFT_COMPILATION_MODE = wholemodule;
				SWIFT_OPTIMIZATION_LEVEL = "-O";
				VALIDATE_PRODUCT = YES;
			};
			name = Release;
		};
		AD92901122F4C9C300D71DDF /* Debug */ = {
			isa = XCBuildConfiguration;
			baseConfigurationReference = CFA1F8AC3FAD766C7ABB71E1 /* Pods-Todoey.debug.xcconfig */;
			buildSettings = {
				ASSETCATALOG_COMPILER_APPICON_NAME = AppIcon;
				CODE_SIGN_STYLE = Automatic;
				DEVELOPMENT_TEAM = 523P4VY2V4;
				INFOPLIST_FILE = Todoey/Info.plist;
				LD_RUNPATH_SEARCH_PATHS = (
					"$(inherited)",
					"@executable_path/Frameworks",
				);
				PRODUCT_BUNDLE_IDENTIFIER = com.carterthoe.Todoey;
				PRODUCT_NAME = "$(TARGET_NAME)";
				SWIFT_VERSION = 5.0;
				TARGETED_DEVICE_FAMILY = "1,2";
			};
			name = Debug;
		};
		AD92901222F4C9C300D71DDF /* Release */ = {
			isa = XCBuildConfiguration;
			baseConfigurationReference = 8B1D413B9A4EC9FB49E23C41 /* Pods-Todoey.release.xcconfig */;
			buildSettings = {
				ASSETCATALOG_COMPILER_APPICON_NAME = AppIcon;
				CODE_SIGN_STYLE = Automatic;
				DEVELOPMENT_TEAM = 523P4VY2V4;
				INFOPLIST_FILE = Todoey/Info.plist;
				LD_RUNPATH_SEARCH_PATHS = (
					"$(inherited)",
					"@executable_path/Frameworks",
				);
				PRODUCT_BUNDLE_IDENTIFIER = com.carterthoe.Todoey;
				PRODUCT_NAME = "$(TARGET_NAME)";
				SWIFT_VERSION = 5.0;
				TARGETED_DEVICE_FAMILY = "1,2";
			};
			name = Release;
		};
/* End XCBuildConfiguration section */

/* Begin XCConfigurationList section */
		AD928FF922F4C9C200D71DDF /* Build configuration list for PBXProject "Todoey" */ = {
			isa = XCConfigurationList;
			buildConfigurations = (
				AD92900E22F4C9C300D71DDF /* Debug */,
				AD92900F22F4C9C300D71DDF /* Release */,
			);
			defaultConfigurationIsVisible = 0;
			defaultConfigurationName = Release;
		};
		AD92901022F4C9C300D71DDF /* Build configuration list for PBXNativeTarget "Todoey" */ = {
			isa = XCConfigurationList;
			buildConfigurations = (
				AD92901122F4C9C300D71DDF /* Debug */,
				AD92901222F4C9C300D71DDF /* Release */,
			);
			defaultConfigurationIsVisible = 0;
			defaultConfigurationName = Release;
		};
/* End XCConfigurationList section */
	};
	rootObject = AD928FF622F4C9C200D71DDF /* Project object */;
}
